
Microsoft Visual Studio Solution File, Format Version 12.00
# Visual Studio Version 16
VisualStudioVersion = 16.0.29424.173
MinimumVisualStudioVersion = 10.0.40219.1
Project("{FAE04EC0-301F-11D3-BF4B-00C04F79EFBC}") = "TensorShader", "TensorShader\TensorShader.csproj", "{E6D7E72C-EB7A-4697-9B1A-3E87BA76323A}"
	ProjectSection(ProjectDependencies) = postProject
		{6F14BF0A-748A-4F30-89B8-E42ADC2E7480} = {6F14BF0A-748A-4F30-89B8-E42ADC2E7480}
		{D0343C7A-36A5-4F87-89D9-C0BFF56721F7} = {D0343C7A-36A5-4F87-89D9-C0BFF56721F7}
	EndProjectSection
EndProject
Project("{FAE04EC0-301F-11D3-BF4B-00C04F79EFBC}") = "TensorShaderTest", "TensorShaderTest\TensorShaderTest.csproj", "{66A05297-9440-42A4-855F-2FD162428B8B}"
	ProjectSection(ProjectDependencies) = postProject
		{6F14BF0A-748A-4F30-89B8-E42ADC2E7480} = {6F14BF0A-748A-4F30-89B8-E42ADC2E7480}
		{E6D7E72C-EB7A-4697-9B1A-3E87BA76323A} = {E6D7E72C-EB7A-4697-9B1A-3E87BA76323A}
		{D0343C7A-36A5-4F87-89D9-C0BFF56721F7} = {D0343C7A-36A5-4F87-89D9-C0BFF56721F7}
	EndProjectSection
EndProject
Project("{FAE04EC0-301F-11D3-BF4B-00C04F79EFBC}") = "TensorShaderCudaBackendTest", "TensorShaderCudaBackendTest\TensorShaderCudaBackendTest.csproj", "{6F14BF0A-748A-4F30-89B8-E42ADC2E7480}"
	ProjectSection(ProjectDependencies) = postProject
		{D0343C7A-36A5-4F87-89D9-C0BFF56721F7} = {D0343C7A-36A5-4F87-89D9-C0BFF56721F7}
	EndProjectSection
EndProject
Project("{FAE04EC0-301F-11D3-BF4B-00C04F79EFBC}") = "TensorShaderCudaBackend", "TensorShaderCudaBackend\TensorShaderCudaBackend.csproj", "{D0343C7A-36A5-4F87-89D9-C0BFF56721F7}"
EndProject
Project("{FAE04EC0-301F-11D3-BF4B-00C04F79EFBC}") = "TensorShaderUtil", "TensorShaderUtil\TensorShaderUtil.csproj", "{9291E2D8-E250-4886-8845-AAF42B3C070C}"
	ProjectSection(ProjectDependencies) = postProject
		{6F14BF0A-748A-4F30-89B8-E42ADC2E7480} = {6F14BF0A-748A-4F30-89B8-E42ADC2E7480}
		{E6D7E72C-EB7A-4697-9B1A-3E87BA76323A} = {E6D7E72C-EB7A-4697-9B1A-3E87BA76323A}
		{D0343C7A-36A5-4F87-89D9-C0BFF56721F7} = {D0343C7A-36A5-4F87-89D9-C0BFF56721F7}
		{66A05297-9440-42A4-855F-2FD162428B8B} = {66A05297-9440-42A4-855F-2FD162428B8B}
	EndProjectSection
EndProject
Project("{FAE04EC0-301F-11D3-BF4B-00C04F79EFBC}") = "TensorShaderUtilTest", "TensorShaderUtilTest\TensorShaderUtilTest.csproj", "{CFDCBB3A-D8A8-47D6-A099-E834E881502C}"
	ProjectSection(ProjectDependencies) = postProject
		{6F14BF0A-748A-4F30-89B8-E42ADC2E7480} = {6F14BF0A-748A-4F30-89B8-E42ADC2E7480}
		{E6D7E72C-EB7A-4697-9B1A-3E87BA76323A} = {E6D7E72C-EB7A-4697-9B1A-3E87BA76323A}
		{D0343C7A-36A5-4F87-89D9-C0BFF56721F7} = {D0343C7A-36A5-4F87-89D9-C0BFF56721F7}
		{66A05297-9440-42A4-855F-2FD162428B8B} = {66A05297-9440-42A4-855F-2FD162428B8B}
		{9291E2D8-E250-4886-8845-AAF42B3C070C} = {9291E2D8-E250-4886-8845-AAF42B3C070C}
	EndProjectSection
EndProject
Project("{2150E333-8FDC-42A3-9474-1A3956D46DE8}") = "TensorShaderSample", "TensorShaderSample", "{7287DE54-B874-41FD-BEA8-2AF1D69C9FF6}"
EndProject
Project("{FAE04EC0-301F-11D3-BF4B-00C04F79EFBC}") = "MNIST", "TensorShaderSample\MNIST\MNIST.csproj", "{604F4999-2508-4A64-89FA-846A67066623}"
	ProjectSection(ProjectDependencies) = postProject
		{6F14BF0A-748A-4F30-89B8-E42ADC2E7480} = {6F14BF0A-748A-4F30-89B8-E42ADC2E7480}
		{E6D7E72C-EB7A-4697-9B1A-3E87BA76323A} = {E6D7E72C-EB7A-4697-9B1A-3E87BA76323A}
		{CFDCBB3A-D8A8-47D6-A099-E834E881502C} = {CFDCBB3A-D8A8-47D6-A099-E834E881502C}
		{D0343C7A-36A5-4F87-89D9-C0BFF56721F7} = {D0343C7A-36A5-4F87-89D9-C0BFF56721F7}
		{66A05297-9440-42A4-855F-2FD162428B8B} = {66A05297-9440-42A4-855F-2FD162428B8B}
		{9291E2D8-E250-4886-8845-AAF42B3C070C} = {9291E2D8-E250-4886-8845-AAF42B3C070C}
	EndProjectSection
EndProject
Project("{FAE04EC0-301F-11D3-BF4B-00C04F79EFBC}") = "TensorShaderPreset", "TensorShaderPreset\TensorShaderPreset.csproj", "{5C4CEDAF-3962-4D5B-B17F-35FA788F2016}"
	ProjectSection(ProjectDependencies) = postProject
		{E6D7E72C-EB7A-4697-9B1A-3E87BA76323A} = {E6D7E72C-EB7A-4697-9B1A-3E87BA76323A}
		{D0343C7A-36A5-4F87-89D9-C0BFF56721F7} = {D0343C7A-36A5-4F87-89D9-C0BFF56721F7}
	EndProjectSection
EndProject
Global
	GlobalSection(SolutionConfigurationPlatforms) = preSolution
		Debug|x64 = Debug|x64
		Release_Cuda_10_0|x64 = Release_Cuda_10_0|x64
		Release_Cuda_10_1|x64 = Release_Cuda_10_1|x64
		Release_Cuda_10_2|x64 = Release_Cuda_10_2|x64
		Release_Cuda_10_3|x64 = Release_Cuda_10_3|x64
		Release_Cuda_10_4|x64 = Release_Cuda_10_4|x64
		Release|x64 = Release|x64
	EndGlobalSection
	GlobalSection(ProjectConfigurationPlatforms) = postSolution
		{E6D7E72C-EB7A-4697-9B1A-3E87BA76323A}.Debug|x64.ActiveCfg = Debug|x64
		{E6D7E72C-EB7A-4697-9B1A-3E87BA76323A}.Debug|x64.Build.0 = Debug|x64
		{E6D7E72C-EB7A-4697-9B1A-3E87BA76323A}.Release_Cuda_10_0|x64.ActiveCfg = Release|x64
		{E6D7E72C-EB7A-4697-9B1A-3E87BA76323A}.Release_Cuda_10_0|x64.Build.0 = Release|x64
		{E6D7E72C-EB7A-4697-9B1A-3E87BA76323A}.Release_Cuda_10_1|x64.ActiveCfg = Release|x64
		{E6D7E72C-EB7A-4697-9B1A-3E87BA76323A}.Release_Cuda_10_1|x64.Build.0 = Release|x64
		{E6D7E72C-EB7A-4697-9B1A-3E87BA76323A}.Release_Cuda_10_2|x64.ActiveCfg = Release|x64
		{E6D7E72C-EB7A-4697-9B1A-3E87BA76323A}.Release_Cuda_10_2|x64.Build.0 = Release|x64
		{E6D7E72C-EB7A-4697-9B1A-3E87BA76323A}.Release_Cuda_10_3|x64.ActiveCfg = Release|x64
		{E6D7E72C-EB7A-4697-9B1A-3E87BA76323A}.Release_Cuda_10_3|x64.Build.0 = Release|x64
		{E6D7E72C-EB7A-4697-9B1A-3E87BA76323A}.Release_Cuda_10_4|x64.ActiveCfg = Release|x64
		{E6D7E72C-EB7A-4697-9B1A-3E87BA76323A}.Release_Cuda_10_4|x64.Build.0 = Release|x64
		{E6D7E72C-EB7A-4697-9B1A-3E87BA76323A}.Release|x64.ActiveCfg = Release|x64
		{E6D7E72C-EB7A-4697-9B1A-3E87BA76323A}.Release|x64.Build.0 = Release|x64
		{66A05297-9440-42A4-855F-2FD162428B8B}.Debug|x64.ActiveCfg = Debug|x64
		{66A05297-9440-42A4-855F-2FD162428B8B}.Debug|x64.Build.0 = Debug|x64
		{66A05297-9440-42A4-855F-2FD162428B8B}.Release_Cuda_10_0|x64.ActiveCfg = Release|x64
		{66A05297-9440-42A4-855F-2FD162428B8B}.Release_Cuda_10_0|x64.Build.0 = Release|x64
		{66A05297-9440-42A4-855F-2FD162428B8B}.Release_Cuda_10_1|x64.ActiveCfg = Release|x64
		{66A05297-9440-42A4-855F-2FD162428B8B}.Release_Cuda_10_1|x64.Build.0 = Release|x64
		{66A05297-9440-42A4-855F-2FD162428B8B}.Release_Cuda_10_2|x64.ActiveCfg = Release|x64
		{66A05297-9440-42A4-855F-2FD162428B8B}.Release_Cuda_10_2|x64.Build.0 = Release|x64
		{66A05297-9440-42A4-855F-2FD162428B8B}.Release_Cuda_10_3|x64.ActiveCfg = Release|x64
		{66A05297-9440-42A4-855F-2FD162428B8B}.Release_Cuda_10_3|x64.Build.0 = Release|x64
		{66A05297-9440-42A4-855F-2FD162428B8B}.Release_Cuda_10_4|x64.ActiveCfg = Release|x64
		{66A05297-9440-42A4-855F-2FD162428B8B}.Release_Cuda_10_4|x64.Build.0 = Release|x64
		{66A05297-9440-42A4-855F-2FD162428B8B}.Release|x64.ActiveCfg = Release|x64
		{66A05297-9440-42A4-855F-2FD162428B8B}.Release|x64.Build.0 = Release|x64
		{6F14BF0A-748A-4F30-89B8-E42ADC2E7480}.Debug|x64.ActiveCfg = Debug|x64
		{6F14BF0A-748A-4F30-89B8-E42ADC2E7480}.Debug|x64.Build.0 = Debug|x64
		{6F14BF0A-748A-4F30-89B8-E42ADC2E7480}.Release_Cuda_10_0|x64.ActiveCfg = Release|x64
		{6F14BF0A-748A-4F30-89B8-E42ADC2E7480}.Release_Cuda_10_0|x64.Build.0 = Release|x64
		{6F14BF0A-748A-4F30-89B8-E42ADC2E7480}.Release_Cuda_10_1|x64.ActiveCfg = Release|x64
		{6F14BF0A-748A-4F30-89B8-E42ADC2E7480}.Release_Cuda_10_1|x64.Build.0 = Release|x64
		{6F14BF0A-748A-4F30-89B8-E42ADC2E7480}.Release_Cuda_10_2|x64.ActiveCfg = Release|x64
		{6F14BF0A-748A-4F30-89B8-E42ADC2E7480}.Release_Cuda_10_2|x64.Build.0 = Release|x64
		{6F14BF0A-748A-4F30-89B8-E42ADC2E7480}.Release_Cuda_10_3|x64.ActiveCfg = Release|x64
		{6F14BF0A-748A-4F30-89B8-E42ADC2E7480}.Release_Cuda_10_3|x64.Build.0 = Release|x64
		{6F14BF0A-748A-4F30-89B8-E42ADC2E7480}.Release_Cuda_10_4|x64.ActiveCfg = Release|x64
		{6F14BF0A-748A-4F30-89B8-E42ADC2E7480}.Release_Cuda_10_4|x64.Build.0 = Release|x64
		{6F14BF0A-748A-4F30-89B8-E42ADC2E7480}.Release|x64.ActiveCfg = Release|x64
		{6F14BF0A-748A-4F30-89B8-E42ADC2E7480}.Release|x64.Build.0 = Release|x64
		{D0343C7A-36A5-4F87-89D9-C0BFF56721F7}.Debug|x64.ActiveCfg = Debug|x64
		{D0343C7A-36A5-4F87-89D9-C0BFF56721F7}.Debug|x64.Build.0 = Debug|x64
		{D0343C7A-36A5-4F87-89D9-C0BFF56721F7}.Release_Cuda_10_0|x64.ActiveCfg = Release_Cuda_10_0|x64
		{D0343C7A-36A5-4F87-89D9-C0BFF56721F7}.Release_Cuda_10_0|x64.Build.0 = Release_Cuda_10_0|x64
		{D0343C7A-36A5-4F87-89D9-C0BFF56721F7}.Release_Cuda_10_1|x64.ActiveCfg = Release_Cuda_10_1|x64
		{D0343C7A-36A5-4F87-89D9-C0BFF56721F7}.Release_Cuda_10_1|x64.Build.0 = Release_Cuda_10_1|x64
		{D0343C7A-36A5-4F87-89D9-C0BFF56721F7}.Release_Cuda_10_2|x64.ActiveCfg = Release_Cuda_10_2|x64
		{D0343C7A-36A5-4F87-89D9-C0BFF56721F7}.Release_Cuda_10_2|x64.Build.0 = Release_Cuda_10_2|x64
		{D0343C7A-36A5-4F87-89D9-C0BFF56721F7}.Release_Cuda_10_3|x64.ActiveCfg = Release_Cuda_10_3|x64
		{D0343C7A-36A5-4F87-89D9-C0BFF56721F7}.Release_Cuda_10_3|x64.Build.0 = Release_Cuda_10_3|x64
		{D0343C7A-36A5-4F87-89D9-C0BFF56721F7}.Release_Cuda_10_4|x64.ActiveCfg = Release_Cuda_10_4|x64
		{D0343C7A-36A5-4F87-89D9-C0BFF56721F7}.Release_Cuda_10_4|x64.Build.0 = Release_Cuda_10_4|x64
		{D0343C7A-36A5-4F87-89D9-C0BFF56721F7}.Release|x64.ActiveCfg = Release|x64
		{D0343C7A-36A5-4F87-89D9-C0BFF56721F7}.Release|x64.Build.0 = Release|x64
		{9291E2D8-E250-4886-8845-AAF42B3C070C}.Debug|x64.ActiveCfg = Debug|x64
		{9291E2D8-E250-4886-8845-AAF42B3C070C}.Debug|x64.Build.0 = Debug|x64
		{9291E2D8-E250-4886-8845-AAF42B3C070C}.Release_Cuda_10_0|x64.ActiveCfg = Release|x64
		{9291E2D8-E250-4886-8845-AAF42B3C070C}.Release_Cuda_10_0|x64.Build.0 = Release|x64
		{9291E2D8-E250-4886-8845-AAF42B3C070C}.Release_Cuda_10_1|x64.ActiveCfg = Release|x64
		{9291E2D8-E250-4886-8845-AAF42B3C070C}.Release_Cuda_10_1|x64.Build.0 = Release|x64
		{9291E2D8-E250-4886-8845-AAF42B3C070C}.Release_Cuda_10_2|x64.ActiveCfg = Release|x64
		{9291E2D8-E250-4886-8845-AAF42B3C070C}.Release_Cuda_10_2|x64.Build.0 = Release|x64
		{9291E2D8-E250-4886-8845-AAF42B3C070C}.Release_Cuda_10_3|x64.ActiveCfg = Release|x64
		{9291E2D8-E250-4886-8845-AAF42B3C070C}.Release_Cuda_10_3|x64.Build.0 = Release|x64
		{9291E2D8-E250-4886-8845-AAF42B3C070C}.Release_Cuda_10_4|x64.ActiveCfg = Release|x64
		{9291E2D8-E250-4886-8845-AAF42B3C070C}.Release_Cuda_10_4|x64.Build.0 = Release|x64
		{9291E2D8-E250-4886-8845-AAF42B3C070C}.Release|x64.ActiveCfg = Release|x64
		{9291E2D8-E250-4886-8845-AAF42B3C070C}.Release|x64.Build.0 = Release|x64
		{CFDCBB3A-D8A8-47D6-A099-E834E881502C}.Debug|x64.ActiveCfg = Debug|x64
		{CFDCBB3A-D8A8-47D6-A099-E834E881502C}.Debug|x64.Build.0 = Debug|x64
		{CFDCBB3A-D8A8-47D6-A099-E834E881502C}.Release_Cuda_10_0|x64.ActiveCfg = Release|x64
		{CFDCBB3A-D8A8-47D6-A099-E834E881502C}.Release_Cuda_10_0|x64.Build.0 = Release|x64
		{CFDCBB3A-D8A8-47D6-A099-E834E881502C}.Release_Cuda_10_1|x64.ActiveCfg = Release|x64
		{CFDCBB3A-D8A8-47D6-A099-E834E881502C}.Release_Cuda_10_1|x64.Build.0 = Release|x64
		{CFDCBB3A-D8A8-47D6-A099-E834E881502C}.Release_Cuda_10_2|x64.ActiveCfg = Release|x64
		{CFDCBB3A-D8A8-47D6-A099-E834E881502C}.Release_Cuda_10_2|x64.Build.0 = Release|x64
		{CFDCBB3A-D8A8-47D6-A099-E834E881502C}.Release_Cuda_10_3|x64.ActiveCfg = Release|x64
		{CFDCBB3A-D8A8-47D6-A099-E834E881502C}.Release_Cuda_10_3|x64.Build.0 = Release|x64
		{CFDCBB3A-D8A8-47D6-A099-E834E881502C}.Release_Cuda_10_4|x64.ActiveCfg = Release|x64
		{CFDCBB3A-D8A8-47D6-A099-E834E881502C}.Release_Cuda_10_4|x64.Build.0 = Release|x64
		{CFDCBB3A-D8A8-47D6-A099-E834E881502C}.Release|x64.ActiveCfg = Release|x64
		{CFDCBB3A-D8A8-47D6-A099-E834E881502C}.Release|x64.Build.0 = Release|x64
		{604F4999-2508-4A64-89FA-846A67066623}.Debug|x64.ActiveCfg = Debug|x64
		{604F4999-2508-4A64-89FA-846A67066623}.Debug|x64.Build.0 = Debug|x64
		{604F4999-2508-4A64-89FA-846A67066623}.Release_Cuda_10_0|x64.ActiveCfg = Release|x64
		{604F4999-2508-4A64-89FA-846A67066623}.Release_Cuda_10_0|x64.Build.0 = Release|x64
		{604F4999-2508-4A64-89FA-846A67066623}.Release_Cuda_10_1|x64.ActiveCfg = Release|x64
		{604F4999-2508-4A64-89FA-846A67066623}.Release_Cuda_10_1|x64.Build.0 = Release|x64
		{604F4999-2508-4A64-89FA-846A67066623}.Release_Cuda_10_2|x64.ActiveCfg = Release|x64
		{604F4999-2508-4A64-89FA-846A67066623}.Release_Cuda_10_2|x64.Build.0 = Release|x64
		{604F4999-2508-4A64-89FA-846A67066623}.Release_Cuda_10_3|x64.ActiveCfg = Release|x64
		{604F4999-2508-4A64-89FA-846A67066623}.Release_Cuda_10_3|x64.Build.0 = Release|x64
		{604F4999-2508-4A64-89FA-846A67066623}.Release_Cuda_10_4|x64.ActiveCfg = Release|x64
		{604F4999-2508-4A64-89FA-846A67066623}.Release_Cuda_10_4|x64.Build.0 = Release|x64
		{604F4999-2508-4A64-89FA-846A67066623}.Release|x64.ActiveCfg = Release|x64
		{604F4999-2508-4A64-89FA-846A67066623}.Release|x64.Build.0 = Release|x64
		{5C4CEDAF-3962-4D5B-B17F-35FA788F2016}.Debug|x64.ActiveCfg = Debug|x64
		{5C4CEDAF-3962-4D5B-B17F-35FA788F2016}.Debug|x64.Build.0 = Debug|x64
		{5C4CEDAF-3962-4D5B-B17F-35FA788F2016}.Release_Cuda_10_0|x64.ActiveCfg = Release|x64
		{5C4CEDAF-3962-4D5B-B17F-35FA788F2016}.Release_Cuda_10_0|x64.Build.0 = Release|x64
		{5C4CEDAF-3962-4D5B-B17F-35FA788F2016}.Release_Cuda_10_1|x64.ActiveCfg = Release|x64
		{5C4CEDAF-3962-4D5B-B17F-35FA788F2016}.Release_Cuda_10_1|x64.Build.0 = Release|x64
		{5C4CEDAF-3962-4D5B-B17F-35FA788F2016}.Release_Cuda_10_2|x64.ActiveCfg = Release|x64
		{5C4CEDAF-3962-4D5B-B17F-35FA788F2016}.Release_Cuda_10_2|x64.Build.0 = Release|x64
		{5C4CEDAF-3962-4D5B-B17F-35FA788F2016}.Release_Cuda_10_3|x64.ActiveCfg = Release|x64
		{5C4CEDAF-3962-4D5B-B17F-35FA788F2016}.Release_Cuda_10_3|x64.Build.0 = Release|x64
		{5C4CEDAF-3962-4D5B-B17F-35FA788F2016}.Release_Cuda_10_4|x64.ActiveCfg = Release|x64
		{5C4CEDAF-3962-4D5B-B17F-35FA788F2016}.Release_Cuda_10_4|x64.Build.0 = Release|x64
		{5C4CEDAF-3962-4D5B-B17F-35FA788F2016}.Release|x64.ActiveCfg = Release|x64
		{5C4CEDAF-3962-4D5B-B17F-35FA788F2016}.Release|x64.Build.0 = Release|x64
	EndGlobalSection
	GlobalSection(SolutionProperties) = preSolution
		HideSolutionNode = FALSE
	EndGlobalSection
	GlobalSection(NestedProjects) = preSolution
		{604F4999-2508-4A64-89FA-846A67066623} = {7287DE54-B874-41FD-BEA8-2AF1D69C9FF6}
	EndGlobalSection
	GlobalSection(ExtensibilityGlobals) = postSolution
		SolutionGuid = {9DF2EEED-0AF0-453B-95FA-2D30021F3CC7}
	EndGlobalSection
EndGlobal
